{
  "nodes": {
    "flake-utils": {
      "inputs": {
        "systems": "systems"
      },
      "locked": {
        "lastModified": 1681037374,
        "narHash": "sha256-XL6X3VGbEFJZDUouv2xpKg2Aljzu/etPLv5e1FPt1q0=",
        "owner": "numtide",
        "repo": "flake-utils",
        "rev": "033b9f258ca96a10e543d4442071f614dc3f8412",
        "type": "github"
      },
      "original": {
        "owner": "numtide",
        "repo": "flake-utils",
        "type": "github"
      }
    },
    "maelstrom_bin": {
      "flake": false,
      "locked": {
        "narHash": "sha256-mE/FIHDLYd1lxAvECZGelZtbo0xkQgMroXro+xb9bMI=",
        "type": "tarball",
        "url": "https://github.com/jepsen-io/maelstrom/releases/download/v0.2.3/maelstrom.tar.bz2"
      },
      "original": {
        "type": "tarball",
        "url": "https://github.com/jepsen-io/maelstrom/releases/download/v0.2.3/maelstrom.tar.bz2"
      }
    },
    "nixpkgs": {
      "locked": {
        "lastModified": 1680334310,
        "narHash": "sha256-ISWz16oGxBhF7wqAxefMPwFag6SlsA9up8muV79V9ck=",
        "path": "/nix/store/ba8364hi6c1dgsn2w8mn8532zkl4qzkl-source",
        "rev": "884e3b68be02ff9d61a042bc9bd9dd2a358f95da",
        "type": "path"
      },
      "original": {
        "id": "nixpkgs",
        "type": "indirect"
      }
    },
    "root": {
      "inputs": {
        "flake-utils": "flake-utils",
        "maelstrom_bin": "maelstrom_bin",
        "nixpkgs": "nixpkgs"
      }
    },
    "systems": {
      "locked": {
        "lastModified": 1681028828,
        "narHash": "sha256-Vy1rq5AaRuLzOxct8nz4T6wlgyUR7zLU309k9mBC768=",
        "owner": "nix-systems",
        "repo": "default",
        "rev": "da67096a3b9bf56a91d16901293e51ba5b49a27e",
        "type": "github"
      },
      "original": {
        "owner": "nix-systems",
        "repo": "default",
        "type": "github"
      }
    }
  },
  "root": "root",
  "version": 7
}
